
Microsoft Visual Studio Solution File, Format Version 12.00
# Visual Studio Version 17
VisualStudioVersion = 17.8.34316.72
MinimumVisualStudioVersion = 10.0.40219.1
Project("{FAE04EC0-301F-11D3-BF4B-00C04F79EFBC}") = "webapi3", "webapi3\webapi3.csproj", "{CA35CD85-CB3A-4C9C-8678-3837B0F13A77}"
EndProject
Global
	GlobalSection(SolutionConfigurationPlatforms) = preSolution
		Debug|Any CPU = Debug|Any CPU
		Release|Any CPU = Release|Any CPU
	EndGlobalSection
	GlobalSection(ProjectConfigurationPlatforms) = postSolution
		{CA35CD85-CB3A-4C9C-8678-3837B0F13A77}.Debug|Any CPU.ActiveCfg = Debug|Any CPU
		{CA35CD85-CB3A-4C9C-8678-3837B0F13A77}.Debug|Any CPU.Build.0 = Debug|Any CPU
		{CA35CD85-CB3A-4C9C-8678-3837B0F13A77}.Release|Any CPU.ActiveCfg = Release|Any CPU
		{CA35CD85-CB3A-4C9C-8678-3837B0F13A77}.Release|Any CPU.Build.0 = Release|Any CPU
	EndGlobalSection
	GlobalSection(SolutionProperties) = preSolution
		HideSolutionNode = FALSE
	EndGlobalSection
	GlobalSection(ExtensibilityGlobals) = postSolution
		SolutionGuid = {C51B8B80-E3CB-4FEC-9C33-213F4B361A98}
	EndGlobalSection
EndGlobal
