
Microsoft Visual Studio Solution File, Format Version 12.00
# Visual Studio Version 17
VisualStudioVersion = 17.5.002.0
MinimumVisualStudioVersion = 10.0.40219.1
Project("{9A19103F-16F7-4668-BE54-9A1E7A4F7556}") = "cw1", "cw1.csproj", "{0CEAFD6D-14B6-48B8-BA9E-F9208AF4000E}"
EndProject
Global
	GlobalSection(SolutionConfigurationPlatforms) = preSolution
		Debug|Any CPU = Debug|Any CPU
		Release|Any CPU = Release|Any CPU
	EndGlobalSection
	GlobalSection(ProjectConfigurationPlatforms) = postSolution
		{0CEAFD6D-14B6-48B8-BA9E-F9208AF4000E}.Debug|Any CPU.ActiveCfg = Debug|Any CPU
		{0CEAFD6D-14B6-48B8-BA9E-F9208AF4000E}.Debug|Any CPU.Build.0 = Debug|Any CPU
		{0CEAFD6D-14B6-48B8-BA9E-F9208AF4000E}.Release|Any CPU.ActiveCfg = Release|Any CPU
		{0CEAFD6D-14B6-48B8-BA9E-F9208AF4000E}.Release|Any CPU.Build.0 = Release|Any CPU
	EndGlobalSection
	GlobalSection(SolutionProperties) = preSolution
		HideSolutionNode = FALSE
	EndGlobalSection
	GlobalSection(ExtensibilityGlobals) = postSolution
		SolutionGuid = {BE1476C1-AAFC-40AE-A965-B952EC5A869D}
	EndGlobalSection
EndGlobal
