
Microsoft Visual Studio Solution File, Format Version 12.00
# Visual Studio Version 17
VisualStudioVersion = 17.8.34511.84
MinimumVisualStudioVersion = 10.0.40219.1
Project("{FAE04EC0-301F-11D3-BF4B-00C04F79EFBC}") = "cw15-form2", "cw15-form2.csproj", "{4FE816EF-FB02-47FD-B522-EB4D0413D52B}"
EndProject
Global
	GlobalSection(SolutionConfigurationPlatforms) = preSolution
		Debug|Any CPU = Debug|Any CPU
		Release|Any CPU = Release|Any CPU
	EndGlobalSection
	GlobalSection(ProjectConfigurationPlatforms) = postSolution
		{4FE816EF-FB02-47FD-B522-EB4D0413D52B}.Debug|Any CPU.ActiveCfg = Debug|Any CPU
		{4FE816EF-FB02-47FD-B522-EB4D0413D52B}.Debug|Any CPU.Build.0 = Debug|Any CPU
		{4FE816EF-FB02-47FD-B522-EB4D0413D52B}.Release|Any CPU.ActiveCfg = Release|Any CPU
		{4FE816EF-FB02-47FD-B522-EB4D0413D52B}.Release|Any CPU.Build.0 = Release|Any CPU
	EndGlobalSection
	GlobalSection(SolutionProperties) = preSolution
		HideSolutionNode = FALSE
	EndGlobalSection
	GlobalSection(ExtensibilityGlobals) = postSolution
		SolutionGuid = {3F931E01-EC4F-4C5C-9934-C15887C6DE55}
	EndGlobalSection
EndGlobal
