
Microsoft Visual Studio Solution File, Format Version 12.00
# Visual Studio Version 17
VisualStudioVersion = 17.5.002.0
MinimumVisualStudioVersion = 10.0.40219.1
Project("{9A19103F-16F7-4668-BE54-9A1E7A4F7556}") = "cw1", "cw1\cw1.csproj", "{F3FE176F-D7AC-43D8-917F-10DEE36227E0}"
EndProject
Project("{9A19103F-16F7-4668-BE54-9A1E7A4F7556}") = "cw2", "cw2\cw2.csproj", "{D6A3F1B9-DCF7-43B2-9FEC-C71B988551A4}"
EndProject
Global
	GlobalSection(SolutionConfigurationPlatforms) = preSolution
		Debug|Any CPU = Debug|Any CPU
		Release|Any CPU = Release|Any CPU
	EndGlobalSection
	GlobalSection(ProjectConfigurationPlatforms) = postSolution
		{F3FE176F-D7AC-43D8-917F-10DEE36227E0}.Debug|Any CPU.ActiveCfg = Debug|Any CPU
		{F3FE176F-D7AC-43D8-917F-10DEE36227E0}.Debug|Any CPU.Build.0 = Debug|Any CPU
		{F3FE176F-D7AC-43D8-917F-10DEE36227E0}.Release|Any CPU.ActiveCfg = Release|Any CPU
		{F3FE176F-D7AC-43D8-917F-10DEE36227E0}.Release|Any CPU.Build.0 = Release|Any CPU
		{D6A3F1B9-DCF7-43B2-9FEC-C71B988551A4}.Debug|Any CPU.ActiveCfg = Debug|Any CPU
		{D6A3F1B9-DCF7-43B2-9FEC-C71B988551A4}.Debug|Any CPU.Build.0 = Debug|Any CPU
		{D6A3F1B9-DCF7-43B2-9FEC-C71B988551A4}.Release|Any CPU.ActiveCfg = Release|Any CPU
		{D6A3F1B9-DCF7-43B2-9FEC-C71B988551A4}.Release|Any CPU.Build.0 = Release|Any CPU
	EndGlobalSection
	GlobalSection(SolutionProperties) = preSolution
		HideSolutionNode = FALSE
	EndGlobalSection
	GlobalSection(ExtensibilityGlobals) = postSolution
		SolutionGuid = {96F2955F-0323-4033-BF54-1BB10E41EFD8}
	EndGlobalSection
EndGlobal
