
Microsoft Visual Studio Solution File, Format Version 12.00
# Visual Studio Version 17
VisualStudioVersion = 17.5.002.0
MinimumVisualStudioVersion = 10.0.40219.1
Project("{9A19103F-16F7-4668-BE54-9A1E7A4F7556}") = "cw9", "cw9.csproj", "{386A9B71-64DA-4EC8-86B6-ABE44700DDBF}"
EndProject
Global
	GlobalSection(SolutionConfigurationPlatforms) = preSolution
		Debug|Any CPU = Debug|Any CPU
		Release|Any CPU = Release|Any CPU
	EndGlobalSection
	GlobalSection(ProjectConfigurationPlatforms) = postSolution
		{386A9B71-64DA-4EC8-86B6-ABE44700DDBF}.Debug|Any CPU.ActiveCfg = Debug|Any CPU
		{386A9B71-64DA-4EC8-86B6-ABE44700DDBF}.Debug|Any CPU.Build.0 = Debug|Any CPU
		{386A9B71-64DA-4EC8-86B6-ABE44700DDBF}.Release|Any CPU.ActiveCfg = Release|Any CPU
		{386A9B71-64DA-4EC8-86B6-ABE44700DDBF}.Release|Any CPU.Build.0 = Release|Any CPU
	EndGlobalSection
	GlobalSection(SolutionProperties) = preSolution
		HideSolutionNode = FALSE
	EndGlobalSection
	GlobalSection(ExtensibilityGlobals) = postSolution
		SolutionGuid = {3386BAED-94A4-493A-8DE6-96E756468D95}
	EndGlobalSection
EndGlobal
