
Microsoft Visual Studio Solution File, Format Version 12.00
# Visual Studio Version 17
VisualStudioVersion = 17.5.002.0
MinimumVisualStudioVersion = 10.0.40219.1
Project("{9A19103F-16F7-4668-BE54-9A1E7A4F7556}") = "cw14", "cw14.csproj", "{90112B06-9418-4F50-B0FD-FFAB89D19154}"
EndProject
Global
	GlobalSection(SolutionConfigurationPlatforms) = preSolution
		Debug|Any CPU = Debug|Any CPU
		Release|Any CPU = Release|Any CPU
	EndGlobalSection
	GlobalSection(ProjectConfigurationPlatforms) = postSolution
		{90112B06-9418-4F50-B0FD-FFAB89D19154}.Debug|Any CPU.ActiveCfg = Debug|Any CPU
		{90112B06-9418-4F50-B0FD-FFAB89D19154}.Debug|Any CPU.Build.0 = Debug|Any CPU
		{90112B06-9418-4F50-B0FD-FFAB89D19154}.Release|Any CPU.ActiveCfg = Release|Any CPU
		{90112B06-9418-4F50-B0FD-FFAB89D19154}.Release|Any CPU.Build.0 = Release|Any CPU
	EndGlobalSection
	GlobalSection(SolutionProperties) = preSolution
		HideSolutionNode = FALSE
	EndGlobalSection
	GlobalSection(ExtensibilityGlobals) = postSolution
		SolutionGuid = {771F3BC2-8E0E-498F-96CA-27E73CE62E42}
	EndGlobalSection
EndGlobal
