
Microsoft Visual Studio Solution File, Format Version 12.00
# Visual Studio Version 17
VisualStudioVersion = 17.5.002.0
MinimumVisualStudioVersion = 10.0.40219.1
Project("{9A19103F-16F7-4668-BE54-9A1E7A4F7556}") = "cw5", "cw5.csproj", "{FF593BB8-A2C2-4C19-B504-89DF49DEB9DF}"
EndProject
Global
	GlobalSection(SolutionConfigurationPlatforms) = preSolution
		Debug|Any CPU = Debug|Any CPU
		Release|Any CPU = Release|Any CPU
	EndGlobalSection
	GlobalSection(ProjectConfigurationPlatforms) = postSolution
		{FF593BB8-A2C2-4C19-B504-89DF49DEB9DF}.Debug|Any CPU.ActiveCfg = Debug|Any CPU
		{FF593BB8-A2C2-4C19-B504-89DF49DEB9DF}.Debug|Any CPU.Build.0 = Debug|Any CPU
		{FF593BB8-A2C2-4C19-B504-89DF49DEB9DF}.Release|Any CPU.ActiveCfg = Release|Any CPU
		{FF593BB8-A2C2-4C19-B504-89DF49DEB9DF}.Release|Any CPU.Build.0 = Release|Any CPU
	EndGlobalSection
	GlobalSection(SolutionProperties) = preSolution
		HideSolutionNode = FALSE
	EndGlobalSection
	GlobalSection(ExtensibilityGlobals) = postSolution
		SolutionGuid = {38593653-C707-45D5-9A0E-8E1966B593A9}
	EndGlobalSection
EndGlobal
