
Microsoft Visual Studio Solution File, Format Version 12.00
# Visual Studio Version 17
VisualStudioVersion = 17.0.31903.59
MinimumVisualStudioVersion = 10.0.40219.1
Project("{FAE04EC0-301F-11D3-BF4B-00C04F79EFBC}") = "cw9_empty", "cw9_empty\cw9_empty.csproj", "{17C4EA6C-BBFF-4021-8AA5-F63B9DC1FECF}"
EndProject
Global
	GlobalSection(SolutionConfigurationPlatforms) = preSolution
		Debug|Any CPU = Debug|Any CPU
		Release|Any CPU = Release|Any CPU
	EndGlobalSection
	GlobalSection(SolutionProperties) = preSolution
		HideSolutionNode = FALSE
	EndGlobalSection
	GlobalSection(ProjectConfigurationPlatforms) = postSolution
		{17C4EA6C-BBFF-4021-8AA5-F63B9DC1FECF}.Debug|Any CPU.ActiveCfg = Debug|Any CPU
		{17C4EA6C-BBFF-4021-8AA5-F63B9DC1FECF}.Debug|Any CPU.Build.0 = Debug|Any CPU
		{17C4EA6C-BBFF-4021-8AA5-F63B9DC1FECF}.Release|Any CPU.ActiveCfg = Release|Any CPU
		{17C4EA6C-BBFF-4021-8AA5-F63B9DC1FECF}.Release|Any CPU.Build.0 = Release|Any CPU
	EndGlobalSection
EndGlobal
