
Microsoft Visual Studio Solution File, Format Version 12.00
# Visual Studio Version 17
VisualStudioVersion = 17.8.34511.84
MinimumVisualStudioVersion = 10.0.40219.1
Project("{9A19103F-16F7-4668-BE54-9A1E7A4F7556}") = "web1", "web1.csproj", "{422F29E3-A287-4F28-9A1B-82FD382F0277}"
EndProject
Global
	GlobalSection(SolutionConfigurationPlatforms) = preSolution
		Debug|Any CPU = Debug|Any CPU
		Release|Any CPU = Release|Any CPU
	EndGlobalSection
	GlobalSection(ProjectConfigurationPlatforms) = postSolution
		{422F29E3-A287-4F28-9A1B-82FD382F0277}.Debug|Any CPU.ActiveCfg = Debug|Any CPU
		{422F29E3-A287-4F28-9A1B-82FD382F0277}.Debug|Any CPU.Build.0 = Debug|Any CPU
		{422F29E3-A287-4F28-9A1B-82FD382F0277}.Release|Any CPU.ActiveCfg = Release|Any CPU
		{422F29E3-A287-4F28-9A1B-82FD382F0277}.Release|Any CPU.Build.0 = Release|Any CPU
	EndGlobalSection
	GlobalSection(SolutionProperties) = preSolution
		HideSolutionNode = FALSE
	EndGlobalSection
	GlobalSection(ExtensibilityGlobals) = postSolution
		SolutionGuid = {118551A5-C5D3-4F0C-BD4A-EB097AB1E548}
	EndGlobalSection
EndGlobal
