
Microsoft Visual Studio Solution File, Format Version 12.00
# Visual Studio Version 17
VisualStudioVersion = 17.5.002.0
MinimumVisualStudioVersion = 10.0.40219.1
Project("{9A19103F-16F7-4668-BE54-9A1E7A4F7556}") = "cc3", "cc3.csproj", "{87E1DC31-3EAB-4DEC-AA6C-DCBDBA34F42D}"
EndProject
Global
	GlobalSection(SolutionConfigurationPlatforms) = preSolution
		Debug|Any CPU = Debug|Any CPU
		Release|Any CPU = Release|Any CPU
	EndGlobalSection
	GlobalSection(ProjectConfigurationPlatforms) = postSolution
		{87E1DC31-3EAB-4DEC-AA6C-DCBDBA34F42D}.Debug|Any CPU.ActiveCfg = Debug|Any CPU
		{87E1DC31-3EAB-4DEC-AA6C-DCBDBA34F42D}.Debug|Any CPU.Build.0 = Debug|Any CPU
		{87E1DC31-3EAB-4DEC-AA6C-DCBDBA34F42D}.Release|Any CPU.ActiveCfg = Release|Any CPU
		{87E1DC31-3EAB-4DEC-AA6C-DCBDBA34F42D}.Release|Any CPU.Build.0 = Release|Any CPU
	EndGlobalSection
	GlobalSection(SolutionProperties) = preSolution
		HideSolutionNode = FALSE
	EndGlobalSection
	GlobalSection(ExtensibilityGlobals) = postSolution
		SolutionGuid = {09D17F1F-416F-4FD6-9738-7E8D8CC50092}
	EndGlobalSection
EndGlobal
