
Microsoft Visual Studio Solution File, Format Version 12.00
# Visual Studio Version 17
VisualStudioVersion = 17.5.002.0
MinimumVisualStudioVersion = 10.0.40219.1
Project("{9A19103F-16F7-4668-BE54-9A1E7A4F7556}") = "cw9-sqlite", "cw9-sqlite.csproj", "{305F4092-B144-459F-BBBA-7AAB37DDC1EE}"
EndProject
Global
	GlobalSection(SolutionConfigurationPlatforms) = preSolution
		Debug|Any CPU = Debug|Any CPU
		Release|Any CPU = Release|Any CPU
	EndGlobalSection
	GlobalSection(ProjectConfigurationPlatforms) = postSolution
		{305F4092-B144-459F-BBBA-7AAB37DDC1EE}.Debug|Any CPU.ActiveCfg = Debug|Any CPU
		{305F4092-B144-459F-BBBA-7AAB37DDC1EE}.Debug|Any CPU.Build.0 = Debug|Any CPU
		{305F4092-B144-459F-BBBA-7AAB37DDC1EE}.Release|Any CPU.ActiveCfg = Release|Any CPU
		{305F4092-B144-459F-BBBA-7AAB37DDC1EE}.Release|Any CPU.Build.0 = Release|Any CPU
	EndGlobalSection
	GlobalSection(SolutionProperties) = preSolution
		HideSolutionNode = FALSE
	EndGlobalSection
	GlobalSection(ExtensibilityGlobals) = postSolution
		SolutionGuid = {49B92695-D8D1-4534-81E3-183AE58A6882}
	EndGlobalSection
EndGlobal
