
Microsoft Visual Studio Solution File, Format Version 12.00
# Visual Studio Version 17
VisualStudioVersion = 17.5.002.0
MinimumVisualStudioVersion = 10.0.40219.1
Project("{9A19103F-16F7-4668-BE54-9A1E7A4F7556}") = "cw17-mvc", "cw17-mvc.csproj", "{98A1404B-0623-4CA2-83AA-EFAE1DADCCBE}"
EndProject
Global
	GlobalSection(SolutionConfigurationPlatforms) = preSolution
		Debug|Any CPU = Debug|Any CPU
		Release|Any CPU = Release|Any CPU
	EndGlobalSection
	GlobalSection(ProjectConfigurationPlatforms) = postSolution
		{98A1404B-0623-4CA2-83AA-EFAE1DADCCBE}.Debug|Any CPU.ActiveCfg = Debug|Any CPU
		{98A1404B-0623-4CA2-83AA-EFAE1DADCCBE}.Debug|Any CPU.Build.0 = Debug|Any CPU
		{98A1404B-0623-4CA2-83AA-EFAE1DADCCBE}.Release|Any CPU.ActiveCfg = Release|Any CPU
		{98A1404B-0623-4CA2-83AA-EFAE1DADCCBE}.Release|Any CPU.Build.0 = Release|Any CPU
	EndGlobalSection
	GlobalSection(SolutionProperties) = preSolution
		HideSolutionNode = FALSE
	EndGlobalSection
	GlobalSection(ExtensibilityGlobals) = postSolution
		SolutionGuid = {AF60ACEA-4B5F-4F5E-9E7A-31361B654F08}
	EndGlobalSection
EndGlobal
