
Microsoft Visual Studio Solution File, Format Version 12.00
# Visual Studio Version 17
VisualStudioVersion = 17.0.31903.59
MinimumVisualStudioVersion = 10.0.40219.1
Project("{FAE04EC0-301F-11D3-BF4B-00C04F79EFBC}") = "cw9_empty", "cw9_empty\cw9_empty.csproj", "{1B7CEB5F-2AD5-41E6-ACC5-01708312CAFF}"
EndProject
Global
	GlobalSection(SolutionConfigurationPlatforms) = preSolution
		Debug|Any CPU = Debug|Any CPU
		Release|Any CPU = Release|Any CPU
	EndGlobalSection
	GlobalSection(SolutionProperties) = preSolution
		HideSolutionNode = FALSE
	EndGlobalSection
	GlobalSection(ProjectConfigurationPlatforms) = postSolution
		{1B7CEB5F-2AD5-41E6-ACC5-01708312CAFF}.Debug|Any CPU.ActiveCfg = Debug|Any CPU
		{1B7CEB5F-2AD5-41E6-ACC5-01708312CAFF}.Debug|Any CPU.Build.0 = Debug|Any CPU
		{1B7CEB5F-2AD5-41E6-ACC5-01708312CAFF}.Release|Any CPU.ActiveCfg = Release|Any CPU
		{1B7CEB5F-2AD5-41E6-ACC5-01708312CAFF}.Release|Any CPU.Build.0 = Release|Any CPU
	EndGlobalSection
EndGlobal
