
Microsoft Visual Studio Solution File, Format Version 12.00
# Visual Studio Version 17
VisualStudioVersion = 17.0.31903.59
MinimumVisualStudioVersion = 10.0.40219.1
Project("{FAE04EC0-301F-11D3-BF4B-00C04F79EFBC}") = "WebApplication1", "WebApplication1\WebApplication1.csproj", "{7A4DC6D7-E1F7-48E1-AB72-D7B079D56A69}"
EndProject
Project("{FAE04EC0-301F-11D3-BF4B-00C04F79EFBC}") = "WebApplication2", "WebApplication2\WebApplication2.csproj", "{36C8A87F-A761-42D0-8CEF-37AA56AFF652}"
EndProject
Global
	GlobalSection(SolutionConfigurationPlatforms) = preSolution
		Debug|Any CPU = Debug|Any CPU
		Release|Any CPU = Release|Any CPU
	EndGlobalSection
	GlobalSection(SolutionProperties) = preSolution
		HideSolutionNode = FALSE
	EndGlobalSection
	GlobalSection(ProjectConfigurationPlatforms) = postSolution
		{7A4DC6D7-E1F7-48E1-AB72-D7B079D56A69}.Debug|Any CPU.ActiveCfg = Debug|Any CPU
		{7A4DC6D7-E1F7-48E1-AB72-D7B079D56A69}.Debug|Any CPU.Build.0 = Debug|Any CPU
		{7A4DC6D7-E1F7-48E1-AB72-D7B079D56A69}.Release|Any CPU.ActiveCfg = Release|Any CPU
		{7A4DC6D7-E1F7-48E1-AB72-D7B079D56A69}.Release|Any CPU.Build.0 = Release|Any CPU
		{36C8A87F-A761-42D0-8CEF-37AA56AFF652}.Debug|Any CPU.ActiveCfg = Debug|Any CPU
		{36C8A87F-A761-42D0-8CEF-37AA56AFF652}.Debug|Any CPU.Build.0 = Debug|Any CPU
		{36C8A87F-A761-42D0-8CEF-37AA56AFF652}.Release|Any CPU.ActiveCfg = Release|Any CPU
		{36C8A87F-A761-42D0-8CEF-37AA56AFF652}.Release|Any CPU.Build.0 = Release|Any CPU
	EndGlobalSection
EndGlobal
