
Microsoft Visual Studio Solution File, Format Version 12.00
# Visual Studio Version 17
VisualStudioVersion = 17.8.34511.84
MinimumVisualStudioVersion = 10.0.40219.1
Project("{FAE04EC0-301F-11D3-BF4B-00C04F79EFBC}") = "cw16-form2", "cw16-form2.csproj", "{649EFF80-E808-4395-9C15-AB12DBA2FEB1}"
EndProject
Global
	GlobalSection(SolutionConfigurationPlatforms) = preSolution
		Debug|Any CPU = Debug|Any CPU
		Release|Any CPU = Release|Any CPU
	EndGlobalSection
	GlobalSection(ProjectConfigurationPlatforms) = postSolution
		{649EFF80-E808-4395-9C15-AB12DBA2FEB1}.Debug|Any CPU.ActiveCfg = Debug|Any CPU
		{649EFF80-E808-4395-9C15-AB12DBA2FEB1}.Debug|Any CPU.Build.0 = Debug|Any CPU
		{649EFF80-E808-4395-9C15-AB12DBA2FEB1}.Release|Any CPU.ActiveCfg = Release|Any CPU
		{649EFF80-E808-4395-9C15-AB12DBA2FEB1}.Release|Any CPU.Build.0 = Release|Any CPU
	EndGlobalSection
	GlobalSection(SolutionProperties) = preSolution
		HideSolutionNode = FALSE
	EndGlobalSection
	GlobalSection(ExtensibilityGlobals) = postSolution
		SolutionGuid = {A84DF0BE-4FED-45E2-8898-223C7000BE6F}
	EndGlobalSection
EndGlobal
